
Microsoft Visual Studio Solution File, Format Version 12.00
# Visual Studio Version 17
VisualStudioVersion = 17.13.35913.81 d17.13
MinimumVisualStudioVersion = 10.0.40219.1
Project("{FAE04EC0-301F-11D3-BF4B-00C04F79EFBC}") = "CursoFlow.Web", "src\CursoFlow.Web\CursoFlow.Web.csproj", "{E0055209-F668-4724-938B-6B77082DA936}"
EndProject
Project("{FAE04EC0-301F-11D3-BF4B-00C04F79EFBC}") = "CursoFlow.Business", "src\CursoFlow.Business\CursoFlow.Business.csproj", "{2EBA04E9-F90F-4AEF-899B-C142E6033401}"
EndProject
Project("{FAE04EC0-301F-11D3-BF4B-00C04F79EFBC}") = "CursoFlow.Data", "src\CursoFlow.Data\CursoFlow.Data.csproj", "{46F75CA8-9C4A-4C1C-B787-C770F6CFA39C}"
EndProject
Global
	GlobalSection(SolutionConfigurationPlatforms) = preSolution
		Debug|Any CPU = Debug|Any CPU
		Release|Any CPU = Release|Any CPU
	EndGlobalSection
	GlobalSection(ProjectConfigurationPlatforms) = postSolution
		{E0055209-F668-4724-938B-6B77082DA936}.Debug|Any CPU.ActiveCfg = Debug|Any CPU
		{E0055209-F668-4724-938B-6B77082DA936}.Debug|Any CPU.Build.0 = Debug|Any CPU
		{E0055209-F668-4724-938B-6B77082DA936}.Release|Any CPU.ActiveCfg = Release|Any CPU
		{E0055209-F668-4724-938B-6B77082DA936}.Release|Any CPU.Build.0 = Release|Any CPU
		{2EBA04E9-F90F-4AEF-899B-C142E6033401}.Debug|Any CPU.ActiveCfg = Debug|Any CPU
		{2EBA04E9-F90F-4AEF-899B-C142E6033401}.Debug|Any CPU.Build.0 = Debug|Any CPU
		{2EBA04E9-F90F-4AEF-899B-C142E6033401}.Release|Any CPU.ActiveCfg = Release|Any CPU
		{2EBA04E9-F90F-4AEF-899B-C142E6033401}.Release|Any CPU.Build.0 = Release|Any CPU
		{46F75CA8-9C4A-4C1C-B787-C770F6CFA39C}.Debug|Any CPU.ActiveCfg = Debug|Any CPU
		{46F75CA8-9C4A-4C1C-B787-C770F6CFA39C}.Debug|Any CPU.Build.0 = Debug|Any CPU
		{46F75CA8-9C4A-4C1C-B787-C770F6CFA39C}.Release|Any CPU.ActiveCfg = Release|Any CPU
		{46F75CA8-9C4A-4C1C-B787-C770F6CFA39C}.Release|Any CPU.Build.0 = Release|Any CPU
	EndGlobalSection
	GlobalSection(SolutionProperties) = preSolution
		HideSolutionNode = FALSE
	EndGlobalSection
	GlobalSection(ExtensibilityGlobals) = postSolution
		SolutionGuid = {602303E5-1E64-4799-A987-6CEDD1990E25}
	EndGlobalSection
EndGlobal
